// !$*UTF8*$!
{
	archiveVersion = 1;
	classes = {
	};
	objectVersion = 56;
	objects = {

/* Begin PBXBuildFile section */
		AD77A5892AC0AB4C005FD824 /* AppDelegate.swift in Sources */ = {isa = PBXBuildFile; fileRef = AD77A5882AC0AB4C005FD824 /* AppDelegate.swift */; };
		AD77A58B2AC0AB4C005FD824 /* SceneDelegate.swift in Sources */ = {isa = PBXBuildFile; fileRef = AD77A58A2AC0AB4C005FD824 /* SceneDelegate.swift */; };
		AD77A58D2AC0AB4C005FD824 /* Anasayfa.swift in Sources */ = {isa = PBXBuildFile; fileRef = AD77A58C2AC0AB4C005FD824 /* Anasayfa.swift */; };
		AD77A5902AC0AB4C005FD824 /* Main.storyboard in Resources */ = {isa = PBXBuildFile; fileRef = AD77A58E2AC0AB4C005FD824 /* Main.storyboard */; };
		AD77A5922AC0AB4F005FD824 /* Assets.xcassets in Resources */ = {isa = PBXBuildFile; fileRef = AD77A5912AC0AB4F005FD824 /* Assets.xcassets */; };
		AD77A5952AC0AB4F005FD824 /* LaunchScreen.storyboard in Resources */ = {isa = PBXBuildFile; fileRef = AD77A5932AC0AB4F005FD824 /* LaunchScreen.storyboard */; };
		AD77A59D2AC0AC30005FD824 /* Filmler.swift in Sources */ = {isa = PBXBuildFile; fileRef = AD77A59C2AC0AC30005FD824 /* Filmler.swift */; };
		AD77A59F2AC0B274005FD824 /* FilmlerCollectionViewCell.swift in Sources */ = {isa = PBXBuildFile; fileRef = AD77A59E2AC0B274005FD824 /* FilmlerCollectionViewCell.swift */; };
		AD77A5A12AC0B874005FD824 /* DetaySayfa.swift in Sources */ = {isa = PBXBuildFile; fileRef = AD77A5A02AC0B874005FD824 /* DetaySayfa.swift */; };
/* End PBXBuildFile section */

/* Begin PBXFileReference section */
		AD77A5852AC0AB4C005FD824 /* FilmlerApp.app */ = {isa = PBXFileReference; explicitFileType = wrapper.application; includeInIndex = 0; path = FilmlerApp.app; sourceTree = BUILT_PRODUCTS_DIR; };
		AD77A5882AC0AB4C005FD824 /* AppDelegate.swift */ = {isa = PBXFileReference; lastKnownFileType = sourcecode.swift; path = AppDelegate.swift; sourceTree = "<group>"; };
		AD77A58A2AC0AB4C005FD824 /* SceneDelegate.swift */ = {isa = PBXFileReference; lastKnownFileType = sourcecode.swift; path = SceneDelegate.swift; sourceTree = "<group>"; };
		AD77A58C2AC0AB4C005FD824 /* Anasayfa.swift */ = {isa = PBXFileReference; lastKnownFileType = sourcecode.swift; path = Anasayfa.swift; sourceTree = "<group>"; };
		AD77A58F2AC0AB4C005FD824 /* Base */ = {isa = PBXFileReference; lastKnownFileType = file.storyboard; name = Base; path = Base.lproj/Main.storyboard; sourceTree = "<group>"; };
		AD77A5912AC0AB4F005FD824 /* Assets.xcassets */ = {isa = PBXFileReference; lastKnownFileType = folder.assetcatalog; path = Assets.xcassets; sourceTree = "<group>"; };
		AD77A5942AC0AB4F005FD824 /* Base */ = {isa = PBXFileReference; lastKnownFileType = file.storyboard; name = Base; path = Base.lproj/LaunchScreen.storyboard; sourceTree = "<group>"; };
		AD77A5962AC0AB4F005FD824 /* Info.plist */ = {isa = PBXFileReference; lastKnownFileType = text.plist.xml; path = Info.plist; sourceTree = "<group>"; };
		AD77A59C2AC0AC30005FD824 /* Filmler.swift */ = {isa = PBXFileReference; lastKnownFileType = sourcecode.swift; path = Filmler.swift; sourceTree = "<group>"; };
		AD77A59E2AC0B274005FD824 /* FilmlerCollectionViewCell.swift */ = {isa = PBXFileReference; lastKnownFileType = sourcecode.swift; path = FilmlerCollectionViewCell.swift; sourceTree = "<group>"; };
		AD77A5A02AC0B874005FD824 /* DetaySayfa.swift */ = {isa = PBXFileReference; lastKnownFileType = sourcecode.swift; path = DetaySayfa.swift; sourceTree = "<group>"; };
/* End PBXFileReference section */

/* Begin PBXFrameworksBuildPhase section */
		AD77A5822AC0AB4C005FD824 /* Frameworks */ = {
			isa = PBXFrameworksBuildPhase;
			buildActionMask = 2147483647;
			files = (
			);
			runOnlyForDeploymentPostprocessing = 0;
		};
/* End PBXFrameworksBuildPhase section */

/* Begin PBXGroup section */
		AD77A57C2AC0AB4C005FD824 = {
			isa = PBXGroup;
			children = (
				AD77A5872AC0AB4C005FD824 /* FilmlerApp */,
				AD77A5862AC0AB4C005FD824 /* Products */,
			);
			sourceTree = "<group>";
		};
		AD77A5862AC0AB4C005FD824 /* Products */ = {
			isa = PBXGroup;
			children = (
				AD77A5852AC0AB4C005FD824 /* FilmlerApp.app */,
			);
			name = Products;
			sourceTree = "<group>";
		};
		AD77A5872AC0AB4C005FD824 /* FilmlerApp */ = {
			isa = PBXGroup;
			children = (
				AD77A5882AC0AB4C005FD824 /* AppDelegate.swift */,
				AD77A58A2AC0AB4C005FD824 /* SceneDelegate.swift */,
				AD77A58C2AC0AB4C005FD824 /* Anasayfa.swift */,
				AD77A59C2AC0AC30005FD824 /* Filmler.swift */,
				AD77A59E2AC0B274005FD824 /* FilmlerCollectionViewCell.swift */,
				AD77A58E2AC0AB4C005FD824 /* Main.storyboard */,
				AD77A5A02AC0B874005FD824 /* DetaySayfa.swift */,
				AD77A5912AC0AB4F005FD824 /* Assets.xcassets */,
				AD77A5932AC0AB4F005FD824 /* LaunchScreen.storyboard */,
				AD77A5962AC0AB4F005FD824 /* Info.plist */,
			);
			path = FilmlerApp;
			sourceTree = "<group>";
		};
/* End PBXGroup section */

/* Begin PBXNativeTarget section */
		AD77A5842AC0AB4C005FD824 /* FilmlerApp */ = {
			isa = PBXNativeTarget;
			buildConfigurationList = AD77A5992AC0AB4F005FD824 /* Build configuration list for PBXNativeTarget "FilmlerApp" */;
			buildPhases = (
				AD77A5812AC0AB4C005FD824 /* Sources */,
				AD77A5822AC0AB4C005FD824 /* Frameworks */,
				AD77A5832AC0AB4C005FD824 /* Resources */,
			);
			buildRules = (
			);
			dependencies = (
			);
			name = FilmlerApp;
			productName = FilmlerApp;
			productReference = AD77A5852AC0AB4C005FD824 /* FilmlerApp.app */;
			productType = "com.apple.product-type.application";
		};
/* End PBXNativeTarget section */

/* Begin PBXProject section */
		AD77A57D2AC0AB4C005FD824 /* Project object */ = {
			isa = PBXProject;
			attributes = {
				BuildIndependentTargetsInParallel = 1;
				LastSwiftUpdateCheck = 1500;
				LastUpgradeCheck = 1500;
				TargetAttributes = {
					AD77A5842AC0AB4C005FD824 = {
						CreatedOnToolsVersion = 15.0;
					};
				};
			};
			buildConfigurationList = AD77A5802AC0AB4C005FD824 /* Build configuration list for PBXProject "FilmlerApp" */;
			compatibilityVersion = "Xcode 14.0";
			developmentRegion = en;
			hasScannedForEncodings = 0;
			knownRegions = (
				en,
				Base,
			);
			mainGroup = AD77A57C2AC0AB4C005FD824;
			productRefGroup = AD77A5862AC0AB4C005FD824 /* Products */;
			projectDirPath = "";
			projectRoot = "";
			targets = (
				AD77A5842AC0AB4C005FD824 /* FilmlerApp */,
			);
		};
/* End PBXProject section */

/* Begin PBXResourcesBuildPhase section */
		AD77A5832AC0AB4C005FD824 /* Resources */ = {
			isa = PBXResourcesBuildPhase;
			buildActionMask = 2147483647;
			files = (
				AD77A5952AC0AB4F005FD824 /* LaunchScreen.storyboard in Resources */,
				AD77A5922AC0AB4F005FD824 /* Assets.xcassets in Resources */,
				AD77A5902AC0AB4C005FD824 /* Main.storyboard in Resources */,
			);
			runOnlyForDeploymentPostprocessing = 0;
		};
/* End PBXResourcesBuildPhase section */

/* Begin PBXSourcesBuildPhase section */
		AD77A5812AC0AB4C005FD824 /* Sources */ = {
			isa = PBXSourcesBuildPhase;
			buildActionMask = 2147483647;
			files = (
				AD77A58D2AC0AB4C005FD824 /* Anasayfa.swift in Sources */,
				AD77A5892AC0AB4C005FD824 /* AppDelegate.swift in Sources */,
				AD77A58B2AC0AB4C005FD824 /* SceneDelegate.swift in Sources */,
				AD77A59F2AC0B274005FD824 /* FilmlerCollectionViewCell.swift in Sources */,
				AD77A5A12AC0B874005FD824 /* DetaySayfa.swift in Sources */,
				AD77A59D2AC0AC30005FD824 /* Filmler.swift in Sources */,
			);
			runOnlyForDeploymentPostprocessing = 0;
		};
/* End PBXSourcesBuildPhase section */

/* Begin PBXVariantGroup section */
		AD77A58E2AC0AB4C005FD824 /* Main.storyboard */ = {
			isa = PBXVariantGroup;
			children = (
				AD77A58F2AC0AB4C005FD824 /* Base */,
			);
			name = Main.storyboard;
			sourceTree = "<group>";
		};
		AD77A5932AC0AB4F005FD824 /* LaunchScreen.storyboard */ = {
			isa = PBXVariantGroup;
			children = (
				AD77A5942AC0AB4F005FD824 /* Base */,
			);
			name = LaunchScreen.storyboard;
			sourceTree = "<group>";
		};
/* End PBXVariantGroup section */

/* Begin XCBuildConfiguration section */
		AD77A5972AC0AB4F005FD824 /* Debug */ = {
			isa = XCBuildConfiguration;
			buildSettings = {
				ALWAYS_SEARCH_USER_PATHS = NO;
				ASSETCATALOG_COMPILER_GENERATE_SWIFT_ASSET_SYMBOL_EXTENSIONS = YES;
				CLANG_ANALYZER_NONNULL = YES;
				CLANG_ANALYZER_NUMBER_OBJECT_CONVERSION = YES_AGGRESSIVE;
				CLANG_CXX_LANGUAGE_STANDARD = "gnu++20";
				CLANG_ENABLE_MODULES = YES;
				CLANG_ENABLE_OBJC_ARC = YES;
				CLANG_ENABLE_OBJC_WEAK = YES;
				CLANG_WARN_BLOCK_CAPTURE_AUTORELEASING = YES;
				CLANG_WARN_BOOL_CONVERSION = YES;
				CLANG_WARN_COMMA = YES;
				CLANG_WARN_CONSTANT_CONVERSION = YES;
				CLANG_WARN_DEPRECATED_OBJC_IMPLEMENTATIONS = YES;
				CLANG_WARN_DIRECT_OBJC_ISA_USAGE = YES_ERROR;
				CLANG_WARN_DOCUMENTATION_COMMENTS = YES;
				CLANG_WARN_EMPTY_BODY = YES;
				CLANG_WARN_ENUM_CONVERSION = YES;
				CLANG_WARN_INFINITE_RECURSION = YES;
				CLANG_WARN_INT_CONVERSION = YES;
				CLANG_WARN_NON_LITERAL_NULL_CONVERSION = YES;
				CLANG_WARN_OBJC_IMPLICIT_RETAIN_SELF = YES;
				CLANG_WARN_OBJC_LITERAL_CONVERSION = YES;
				CLANG_WARN_OBJC_ROOT_CLASS = YES_ERROR;
				CLANG_WARN_QUOTED_INCLUDE_IN_FRAMEWORK_HEADER = YES;
				CLANG_WARN_RANGE_LOOP_ANALYSIS = YES;
				CLANG_WARN_STRICT_PROTOTYPES = YES;
				CLANG_WARN_SUSPICIOUS_MOVE = YES;
				CLANG_WARN_UNGUARDED_AVAILABILITY = YES_AGGRESSIVE;
				CLANG_WARN_UNREACHABLE_CODE = YES;
				CLANG_WARN__DUPLICATE_METHOD_MATCH = YES;
				COPY_PHASE_STRIP = NO;
				DEBUG_INFORMATION_FORMAT = dwarf;
				ENABLE_STRICT_OBJC_MSGSEND = YES;
				ENABLE_TESTABILITY = YES;
				ENABLE_USER_SCRIPT_SANDBOXING = YES;
				GCC_C_LANGUAGE_STANDARD = gnu17;
				GCC_DYNAMIC_NO_PIC = NO;
				GCC_NO_COMMON_BLOCKS = YES;
				GCC_OPTIMIZATION_LEVEL = 0;
				GCC_PREPROCESSOR_DEFINITIONS = (
					"DEBUG=1",
					"$(inherited)",
				);
				GCC_WARN_64_TO_32_BIT_CONVERSION = YES;
				GCC_WARN_ABOUT_RETURN_TYPE = YES_ERROR;
				GCC_WARN_UNDECLARED_SELECTOR = YES;
				GCC_WARN_UNINITIALIZED_AUTOS = YES_AGGRESSIVE;
				GCC_WARN_UNUSED_FUNCTION = YES;
				GCC_WARN_UNUSED_VARIABLE = YES;
				IPHONEOS_DEPLOYMENT_TARGET = 17.0;
				LOCALIZATION_PREFERS_STRING_CATALOGS = YES;
				MTL_ENABLE_DEBUG_INFO = INCLUDE_SOURCE;
				MTL_FAST_MATH = YES;
				ONLY_ACTIVE_ARCH = YES;
				SDKROOT = iphoneos;
				SWIFT_ACTIVE_COMPILATION_CONDITIONS = "DEBUG $(inherited)";
				SWIFT_OPTIMIZATION_LEVEL = "-Onone";
			};
			name = Debug;
		};
		AD77A5982AC0AB4F005FD824 /* Release */ = {
			isa = XCBuildConfiguration;
			buildSettings = {
				ALWAYS_SEARCH_USER_PATHS = NO;
				ASSETCATALOG_COMPILER_GENERATE_SWIFT_ASSET_SYMBOL_EXTENSIONS = YES;
				CLANG_ANALYZER_NONNULL = YES;
				CLANG_ANALYZER_NUMBER_OBJECT_CONVERSION = YES_AGGRESSIVE;
				CLANG_CXX_LANGUAGE_STANDARD = "gnu++20";
				CLANG_ENABLE_MODULES = YES;
				CLANG_ENABLE_OBJC_ARC = YES;
				CLANG_ENABLE_OBJC_WEAK = YES;
				CLANG_WARN_BLOCK_CAPTURE_AUTORELEASING = YES;
				CLANG_WARN_BOOL_CONVERSION = YES;
				CLANG_WARN_COMMA = YES;
				CLANG_WARN_CONSTANT_CONVERSION = YES;
				CLANG_WARN_DEPRECATED_OBJC_IMPLEMENTATIONS = YES;
				CLANG_WARN_DIRECT_OBJC_ISA_USAGE = YES_ERROR;
				CLANG_WARN_DOCUMENTATION_COMMENTS = YES;
				CLANG_WARN_EMPTY_BODY = YES;
				CLANG_WARN_ENUM_CONVERSION = YES;
				CLANG_WARN_INFINITE_RECURSION = YES;
				CLANG_WARN_INT_CONVERSION = YES;
				CLANG_WARN_NON_LITERAL_NULL_CONVERSION = YES;
				CLANG_WARN_OBJC_IMPLICIT_RETAIN_SELF = YES;
				CLANG_WARN_OBJC_LITERAL_CONVERSION = YES;
				CLANG_WARN_OBJC_ROOT_CLASS = YES_ERROR;
				CLANG_WARN_QUOTED_INCLUDE_IN_FRAMEWORK_HEADER = YES;
				CLANG_WARN_RANGE_LOOP_ANALYSIS = YES;
				CLANG_WARN_STRICT_PROTOTYPES = YES;
				CLANG_WARN_SUSPICIOUS_MOVE = YES;
				CLANG_WARN_UNGUARDED_AVAILABILITY = YES_AGGRESSIVE;
				CLANG_WARN_UNREACHABLE_CODE = YES;
				CLANG_WARN__DUPLICATE_METHOD_MATCH = YES;
				COPY_PHASE_STRIP = NO;
				DEBUG_INFORMATION_FORMAT = "dwarf-with-dsym";
				ENABLE_NS_ASSERTIONS = NO;
				ENABLE_STRICT_OBJC_MSGSEND = YES;
				ENABLE_USER_SCRIPT_SANDBOXING = YES;
				GCC_C_LANGUAGE_STANDARD = gnu17;
				GCC_NO_COMMON_BLOCKS = YES;
				GCC_WARN_64_TO_32_BIT_CONVERSION = YES;
				GCC_WARN_ABOUT_RETURN_TYPE = YES_ERROR;
				GCC_WARN_UNDECLARED_SELECTOR = YES;
				GCC_WARN_UNINITIALIZED_AUTOS = YES_AGGRESSIVE;
				GCC_WARN_UNUSED_FUNCTION = YES;
				GCC_WARN_UNUSED_VARIABLE = YES;
				IPHONEOS_DEPLOYMENT_TARGET = 17.0;
				LOCALIZATION_PREFERS_STRING_CATALOGS = YES;
				MTL_ENABLE_DEBUG_INFO = NO;
				MTL_FAST_MATH = YES;
				SDKROOT = iphoneos;
				SWIFT_COMPILATION_MODE = wholemodule;
				VALIDATE_PRODUCT = YES;
			};
			name = Release;
		};
		AD77A59A2AC0AB4F005FD824 /* Debug */ = {
			isa = XCBuildConfiguration;
			buildSettings = {
				ASSETCATALOG_COMPILER_APPICON_NAME = AppIcon;
				ASSETCATALOG_COMPILER_GLOBAL_ACCENT_COLOR_NAME = AccentColor;
				CODE_SIGN_STYLE = Automatic;
				CURRENT_PROJECT_VERSION = 1;
				DEVELOPMENT_TEAM = 8RSY84R794;
				GENERATE_INFOPLIST_FILE = YES;
				INFOPLIST_FILE = FilmlerApp/Info.plist;
				INFOPLIST_KEY_UIApplicationSupportsIndirectInputEvents = YES;
				INFOPLIST_KEY_UILaunchStoryboardName = LaunchScreen;
				INFOPLIST_KEY_UIMainStoryboardFile = Main;
				INFOPLIST_KEY_UISupportedInterfaceOrientations_iPad = "UIInterfaceOrientationPortrait UIInterfaceOrientationPortraitUpsideDown UIInterfaceOrientationLandscapeLeft UIInterfaceOrientationLandscapeRight";
				INFOPLIST_KEY_UISupportedInterfaceOrientations_iPhone = "UIInterfaceOrientationPortrait UIInterfaceOrientationLandscapeLeft UIInterfaceOrientationLandscapeRight";
				LD_RUNPATH_SEARCH_PATHS = (
					"$(inherited)",
					"@executable_path/Frameworks",
				);
				MARKETING_VERSION = 1.0;
				PRODUCT_BUNDLE_IDENTIFIER = com.Aleyna.FilmlerApp;
				PRODUCT_NAME = "$(TARGET_NAME)";
				SWIFT_EMIT_LOC_STRINGS = YES;
				SWIFT_VERSION = 5.0;
				TARGETED_DEVICE_FAMILY = "1,2";
			};
			name = Debug;
		};
		AD77A59B2AC0AB4F005FD824 /* Release */ = {
			isa = XCBuildConfiguration;
			buildSettings = {
				ASSETCATALOG_COMPILER_APPICON_NAME = AppIcon;
				ASSETCATALOG_COMPILER_GLOBAL_ACCENT_COLOR_NAME = AccentColor;
				CODE_SIGN_STYLE = Automatic;
				CURRENT_PROJECT_VERSION = 1;
				DEVELOPMENT_TEAM = 8RSY84R794;
				GENERATE_INFOPLIST_FILE = YES;
				INFOPLIST_FILE = FilmlerApp/Info.plist;
				INFOPLIST_KEY_UIApplicationSupportsIndirectInputEvents = YES;
				INFOPLIST_KEY_UILaunchStoryboardName = LaunchScreen;
				INFOPLIST_KEY_UIMainStoryboardFile = Main;
				INFOPLIST_KEY_UISupportedInterfaceOrientations_iPad = "UIInterfaceOrientationPortrait UIInterfaceOrientationPortraitUpsideDown UIInterfaceOrientationLandscapeLeft UIInterfaceOrientationLandscapeRight";
				INFOPLIST_KEY_UISupportedInterfaceOrientations_iPhone = "UIInterfaceOrientationPortrait UIInterfaceOrientationLandscapeLeft UIInterfaceOrientationLandscapeRight";
				LD_RUNPATH_SEARCH_PATHS = (
					"$(inherited)",
					"@executable_path/Frameworks",
				);
				MARKETING_VERSION = 1.0;
				PRODUCT_BUNDLE_IDENTIFIER = com.Aleyna.FilmlerApp;
				PRODUCT_NAME = "$(TARGET_NAME)";
				SWIFT_EMIT_LOC_STRINGS = YES;
				SWIFT_VERSION = 5.0;
				TARGETED_DEVICE_FAMILY = "1,2";
			};
			name = Release;
		};
/* End XCBuildConfiguration section */

/* Begin XCConfigurationList section */
		AD77A5802AC0AB4C005FD824 /* Build configuration list for PBXProject "FilmlerApp" */ = {
			isa = XCConfigurationList;
			buildConfigurations = (
				AD77A5972AC0AB4F005FD824 /* Debug */,
				AD77A5982AC0AB4F005FD824 /* Release */,
			);
			defaultConfigurationIsVisible = 0;
			defaultConfigurationName = Release;
		};
		AD77A5992AC0AB4F005FD824 /* Build configuration list for PBXNativeTarget "FilmlerApp" */ = {
			isa = XCConfigurationList;
			buildConfigurations = (
				AD77A59A2AC0AB4F005FD824 /* Debug */,
				AD77A59B2AC0AB4F005FD824 /* Release */,
			);
			defaultConfigurationIsVisible = 0;
			defaultConfigurationName = Release;
		};
/* End XCConfigurationList section */
	};
	rootObject = AD77A57D2AC0AB4C005FD824 /* Project object */;
}
